// !$*UTF8*$!
{
	archiveVersion = 1;
	classes = {
	};
	objectVersion = 46;
	objects = {

/* Begin PBXBuildFile section */
		27C197611A71647F0001722B /* AppDelegate.swift in Sources */ = {isa = PBXBuildFile; fileRef = 27C197601A71647F0001722B /* AppDelegate.swift */; };
		27C197631A71647F0001722B /* ViewController.swift in Sources */ = {isa = PBXBuildFile; fileRef = 27C197621A71647F0001722B /* ViewController.swift */; };
		27C197661A71647F0001722B /* Main.storyboard in Resources */ = {isa = PBXBuildFile; fileRef = 27C197641A71647F0001722B /* Main.storyboard */; };
		27C197681A71647F0001722B /* Images.xcassets in Resources */ = {isa = PBXBuildFile; fileRef = 27C197671A71647F0001722B /* Images.xcassets */; };
		27C1976B1A71647F0001722B /* LaunchScreen.xib in Resources */ = {isa = PBXBuildFile; fileRef = 27C197691A71647F0001722B /* LaunchScreen.xib */; };
		27C197771A71647F0001722B /* SwiftGuesturesTests.swift in Sources */ = {isa = PBXBuildFile; fileRef = 27C197761A71647F0001722B /* SwiftGuesturesTests.swift */; };
/* End PBXBuildFile section */

/* Begin PBXContainerItemProxy section */
		27C197711A71647F0001722B /* PBXContainerItemProxy */ = {
			isa = PBXContainerItemProxy;
			containerPortal = 27C197531A71647E0001722B /* Project object */;
			proxyType = 1;
			remoteGlobalIDString = 27C1975A1A71647F0001722B;
			remoteInfo = SwiftGuestures;
		};
/* End PBXContainerItemProxy section */

/* Begin PBXFileReference section */
		27C1975B1A71647F0001722B /* SwiftGuestures.app */ = {isa = PBXFileReference; explicitFileType = wrapper.application; includeInIndex = 0; path = SwiftGuestures.app; sourceTree = BUILT_PRODUCTS_DIR; };
		27C1975F1A71647F0001722B /* Info.plist */ = {isa = PBXFileReference; lastKnownFileType = text.plist.xml; path = Info.plist; sourceTree = "<group>"; };
		27C197601A71647F0001722B /* AppDelegate.swift */ = {isa = PBXFileReference; lastKnownFileType = sourcecode.swift; path = AppDelegate.swift; sourceTree = "<group>"; };
		27C197621A71647F0001722B /* ViewController.swift */ = {isa = PBXFileReference; lastKnownFileType = sourcecode.swift; path = ViewController.swift; sourceTree = "<group>"; };
		27C197651A71647F0001722B /* Base */ = {isa = PBXFileReference; lastKnownFileType = file.storyboard; name = Base; path = Base.lproj/Main.storyboard; sourceTree = "<group>"; };
		27C197671A71647F0001722B /* Images.xcassets */ = {isa = PBXFileReference; lastKnownFileType = folder.assetcatalog; path = Images.xcassets; sourceTree = "<group>"; };
		27C1976A1A71647F0001722B /* Base */ = {isa = PBXFileReference; lastKnownFileType = file.xib; name = Base; path = Base.lproj/LaunchScreen.xib; sourceTree = "<group>"; };
		27C197701A71647F0001722B /* SwiftGuesturesTests.xctest */ = {isa = PBXFileReference; explicitFileType = wrapper.cfbundle; includeInIndex = 0; path = SwiftGuesturesTests.xctest; sourceTree = BUILT_PRODUCTS_DIR; };
		27C197751A71647F0001722B /* Info.plist */ = {isa = PBXFileReference; lastKnownFileType = text.plist.xml; path = Info.plist; sourceTree = "<group>"; };
		27C197761A71647F0001722B /* SwiftGuesturesTests.swift */ = {isa = PBXFileReference; lastKnownFileType = sourcecode.swift; path = SwiftGuesturesTests.swift; sourceTree = "<group>"; };
/* End PBXFileReference section */

/* Begin PBXFrameworksBuildPhase section */
		27C197581A71647F0001722B /* Frameworks */ = {
			isa = PBXFrameworksBuildPhase;
			buildActionMask = 2147483647;
			files = (
			);
			runOnlyForDeploymentPostprocessing = 0;
		};
		27C1976D1A71647F0001722B /* Frameworks */ = {
			isa = PBXFrameworksBuildPhase;
			buildActionMask = 2147483647;
			files = (
			);
			runOnlyForDeploymentPostprocessing = 0;
		};
/* End PBXFrameworksBuildPhase section */

/* Begin PBXGroup section */
		27C197521A71647E0001722B = {
			isa = PBXGroup;
			children = (
				27C1975D1A71647F0001722B /* SwiftGuestures */,
				27C197731A71647F0001722B /* SwiftGuesturesTests */,
				27C1975C1A71647F0001722B /* Products */,
			);
			sourceTree = "<group>";
		};
		27C1975C1A71647F0001722B /* Products */ = {
			isa = PBXGroup;
			children = (
				27C1975B1A71647F0001722B /* SwiftGuestures.app */,
				27C197701A71647F0001722B /* SwiftGuesturesTests.xctest */,
			);
			name = Products;
			sourceTree = "<group>";
		};
		27C1975D1A71647F0001722B /* SwiftGuestures */ = {
			isa = PBXGroup;
			children = (
				27C197601A71647F0001722B /* AppDelegate.swift */,
				27C197621A71647F0001722B /* ViewController.swift */,
				27C197641A71647F0001722B /* Main.storyboard */,
				27C197671A71647F0001722B /* Images.xcassets */,
				27C197691A71647F0001722B /* LaunchScreen.xib */,
				27C1975E1A71647F0001722B /* Supporting Files */,
			);
			path = SwiftGuestures;
			sourceTree = "<group>";
		};
		27C1975E1A71647F0001722B /* Supporting Files */ = {
			isa = PBXGroup;
			children = (
				27C1975F1A71647F0001722B /* Info.plist */,
			);
			name = "Supporting Files";
			sourceTree = "<group>";
		};
		27C197731A71647F0001722B /* SwiftGuesturesTests */ = {
			isa = PBXGroup;
			children = (
				27C197761A71647F0001722B /* SwiftGuesturesTests.swift */,
				27C197741A71647F0001722B /* Supporting Files */,
			);
			path = SwiftGuesturesTests;
			sourceTree = "<group>";
		};
		27C197741A71647F0001722B /* Supporting Files */ = {
			isa = PBXGroup;
			children = (
				27C197751A71647F0001722B /* Info.plist */,
			);
			name = "Supporting Files";
			sourceTree = "<group>";
		};
/* End PBXGroup section */

/* Begin PBXNativeTarget section */
		27C1975A1A71647F0001722B /* SwiftGuestures */ = {
			isa = PBXNativeTarget;
			buildConfigurationList = 27C1977A1A71647F0001722B /* Build configuration list for PBXNativeTarget "SwiftGuestures" */;
			buildPhases = (
				27C197571A71647F0001722B /* Sources */,
				27C197581A71647F0001722B /* Frameworks */,
				27C197591A71647F0001722B /* Resources */,
			);
			buildRules = (
			);
			dependencies = (
			);
			name = SwiftGuestures;
			productName = SwiftGuestures;
			productReference = 27C1975B1A71647F0001722B /* SwiftGuestures.app */;
			productType = "com.apple.product-type.application";
		};
		27C1976F1A71647F0001722B /* SwiftGuesturesTests */ = {
			isa = PBXNativeTarget;
			buildConfigurationList = 27C1977D1A71647F0001722B /* Build configuration list for PBXNativeTarget "SwiftGuesturesTests" */;
			buildPhases = (
				27C1976C1A71647F0001722B /* Sources */,
				27C1976D1A71647F0001722B /* Frameworks */,
				27C1976E1A71647F0001722B /* Resources */,
			);
			buildRules = (
			);
			dependencies = (
				27C197721A71647F0001722B /* PBXTargetDependency */,
			);
			name = SwiftGuesturesTests;
			productName = SwiftGuesturesTests;
			productReference = 27C197701A71647F0001722B /* SwiftGuesturesTests.xctest */;
			productType = "com.apple.product-type.bundle.unit-test";
		};
/* End PBXNativeTarget section */

/* Begin PBXProject section */
		27C197531A71647E0001722B /* Project object */ = {
			isa = PBXProject;
			attributes = {
				LastUpgradeCheck = 0610;
				ORGANIZATIONNAME = "Mike Reining";
				TargetAttributes = {
					27C1975A1A71647F0001722B = {
						CreatedOnToolsVersion = 6.1.1;
					};
					27C1976F1A71647F0001722B = {
						CreatedOnToolsVersion = 6.1.1;
						TestTargetID = 27C1975A1A71647F0001722B;
					};
				};
			};
			buildConfigurationList = 27C197561A71647E0001722B /* Build configuration list for PBXProject "SwiftGuestures" */;
			compatibilityVersion = "Xcode 3.2";
			developmentRegion = English;
			hasScannedForEncodings = 0;
			knownRegions = (
				en,
				Base,
			);
			mainGroup = 27C197521A71647E0001722B;
			productRefGroup = 27C1975C1A71647F0001722B /* Products */;
			projectDirPath = "";
			projectRoot = "";
			targets = (
				27C1975A1A71647F0001722B /* SwiftGuestures */,
				27C1976F1A71647F0001722B /* SwiftGuesturesTests */,
			);
		};
/* End PBXProject section */

/* Begin PBXResourcesBuildPhase section */
		27C197591A71647F0001722B /* Resources */ = {
			isa = PBXResourcesBuildPhase;
			buildActionMask = 2147483647;
			files = (
				27C197661A71647F0001722B /* Main.storyboard in Resources */,
				27C1976B1A71647F0001722B /* LaunchScreen.xib in Resources */,
				27C197681A71647F0001722B /* Images.xcassets in Resources */,
			);
			runOnlyForDeploymentPostprocessing = 0;
		};
		27C1976E1A71647F0001722B /* Resources */ = {
			isa = PBXResourcesBuildPhase;
			buildActionMask = 2147483647;
			files = (
			);
			runOnlyForDeploymentPostprocessing = 0;
		};
/* End PBXResourcesBuildPhase section */

/* Begin PBXSourcesBuildPhase section */
		27C197571A71647F0001722B /* Sources */ = {
			isa = PBXSourcesBuildPhase;
			buildActionMask = 2147483647;
			files = (
				27C197631A71647F0001722B /* ViewController.swift in Sources */,
				27C197611A71647F0001722B /* AppDelegate.swift in Sources */,
			);
			runOnlyForDeploymentPostprocessing = 0;
		};
		27C1976C1A71647F0001722B /* Sources */ = {
			isa = PBXSourcesBuildPhase;
			buildActionMask = 2147483647;
			files = (
				27C197771A71647F0001722B /* SwiftGuesturesTests.swift in Sources */,
			);
			runOnlyForDeploymentPostprocessing = 0;
		};
/* End PBXSourcesBuildPhase section */

/* Begin PBXTargetDependency section */
		27C197721A71647F0001722B /* PBXTargetDependency */ = {
			isa = PBXTargetDependency;
			target = 27C1975A1A71647F0001722B /* SwiftGuestures */;
			targetProxy = 27C197711A71647F0001722B /* PBXContainerItemProxy */;
		};
/* End PBXTargetDependency section */

/* Begin PBXVariantGroup section */
		27C197641A71647F0001722B /* Main.storyboard */ = {
			isa = PBXVariantGroup;
			children = (
				27C197651A71647F0001722B /* Base */,
			);
			name = Main.storyboard;
			sourceTree = "<group>";
		};
		27C197691A71647F0001722B /* LaunchScreen.xib */ = {
			isa = PBXVariantGroup;
			children = (
				27C1976A1A71647F0001722B /* Base */,
			);
			name = LaunchScreen.xib;
			sourceTree = "<group>";
		};
/* End PBXVariantGroup section */

/* Begin XCBuildConfiguration section */
		27C197781A71647F0001722B /* Debug */ = {
			isa = XCBuildConfiguration;
			buildSettings = {
				ALWAYS_SEARCH_USER_PATHS = NO;
				CLANG_CXX_LANGUAGE_STANDARD = "gnu++0x";
				CLANG_CXX_LIBRARY = "libc++";
				CLANG_ENABLE_MODULES = YES;
				CLANG_ENABLE_OBJC_ARC = YES;
				CLANG_WARN_BOOL_CONVERSION = YES;
				CLANG_WARN_CONSTANT_CONVERSION = YES;
				CLANG_WARN_DIRECT_OBJC_ISA_USAGE = YES_ERROR;
				CLANG_WARN_EMPTY_BODY = YES;
				CLANG_WARN_ENUM_CONVERSION = YES;
				CLANG_WARN_INT_CONVERSION = YES;
				CLANG_WARN_OBJC_ROOT_CLASS = YES_ERROR;
				CLANG_WARN_UNREACHABLE_CODE = YES;
				CLANG_WARN__DUPLICATE_METHOD_MATCH = YES;
				"CODE_SIGN_IDENTITY[sdk=iphoneos*]" = "iPhone Developer";
				COPY_PHASE_STRIP = NO;
				ENABLE_STRICT_OBJC_MSGSEND = YES;
				GCC_C_LANGUAGE_STANDARD = gnu99;
				GCC_DYNAMIC_NO_PIC = NO;
				GCC_OPTIMIZATION_LEVEL = 0;
				GCC_PREPROCESSOR_DEFINITIONS = (
					"DEBUG=1",
					"$(inherited)",
				);
				GCC_SYMBOLS_PRIVATE_EXTERN = NO;
				GCC_WARN_64_TO_32_BIT_CONVERSION = YES;
				GCC_WARN_ABOUT_RETURN_TYPE = YES_ERROR;
				GCC_WARN_UNDECLARED_SELECTOR = YES;
				GCC_WARN_UNINITIALIZED_AUTOS = YES_AGGRESSIVE;
				GCC_WARN_UNUSED_FUNCTION = YES;
				GCC_WARN_UNUSED_VARIABLE = YES;
				IPHONEOS_DEPLOYMENT_TARGET = 8.1;
				MTL_ENABLE_DEBUG_INFO = YES;
				ONLY_ACTIVE_ARCH = YES;
				SDKROOT = iphoneos;
				SWIFT_OPTIMIZATION_LEVEL = "-Onone";
				TARGETED_DEVICE_FAMILY = "1,2";
			};
			name = Debug;
		};
		27C197791A71647F0001722B /* Release */ = {
			isa = XCBuildConfiguration;
			buildSettings = {
				ALWAYS_SEARCH_USER_PATHS = NO;
				CLANG_CXX_LANGUAGE_STANDARD = "gnu++0x";
				CLANG_CXX_LIBRARY = "libc++";
				CLANG_ENABLE_MODULES = YES;
				CLANG_ENABLE_OBJC_ARC = YES;
				CLANG_WARN_BOOL_CONVERSION = YES;
				CLANG_WARN_CONSTANT_CONVERSION = YES;
				CLANG_WARN_DIRECT_OBJC_ISA_USAGE = YES_ERROR;
				CLANG_WARN_EMPTY_BODY = YES;
				CLANG_WARN_ENUM_CONVERSION = YES;
				CLANG_WARN_INT_CONVERSION = YES;
				CLANG_WARN_OBJC_ROOT_CLASS = YES_ERROR;
				CLANG_WARN_UNREACHABLE_CODE = YES;
				CLANG_WARN__DUPLICATE_METHOD_MATCH = YES;
				"CODE_SIGN_IDENTITY[sdk=iphoneos*]" = "iPhone Developer";
				COPY_PHASE_STRIP = YES;
				ENABLE_NS_ASSERTIONS = NO;
				ENABLE_STRICT_OBJC_MSGSEND = YES;
				GCC_C_LANGUAGE_STANDARD = gnu99;
				GCC_WARN_64_TO_32_BIT_CONVERSION = YES;
				GCC_WARN_ABOUT_RETURN_TYPE = YES_ERROR;
				GCC_WARN_UNDECLARED_SELECTOR = YES;
				GCC_WARN_UNINITIALIZED_AUTOS = YES_AGGRESSIVE;
				GCC_WARN_UNUSED_FUNCTION = YES;
				GCC_WARN_UNUSED_VARIABLE = YES;
				IPHONEOS_DEPLOYMENT_TARGET = 8.1;
				MTL_ENABLE_DEBUG_INFO = NO;
				SDKROOT = iphoneos;
				TARGETED_DEVICE_FAMILY = "1,2";
				VALIDATE_PRODUCT = YES;
			};
			name = Release;
		};
		27C1977B1A71647F0001722B /* Debug */ = {
			isa = XCBuildConfiguration;
			buildSettings = {
				ASSETCATALOG_COMPILER_APPICON_NAME = AppIcon;
				INFOPLIST_FILE = SwiftGuestures/Info.plist;
				LD_RUNPATH_SEARCH_PATHS = "$(inherited) @executable_path/Frameworks";
				PRODUCT_NAME = "$(TARGET_NAME)";
			};
			name = Debug;
		};
		27C1977C1A71647F0001722B /* Release */ = {
			isa = XCBuildConfiguration;
			buildSettings = {
				ASSETCATALOG_COMPILER_APPICON_NAME = AppIcon;
				INFOPLIST_FILE = SwiftGuestures/Info.plist;
				LD_RUNPATH_SEARCH_PATHS = "$(inherited) @executable_path/Frameworks";
				PRODUCT_NAME = "$(TARGET_NAME)";
			};
			name = Release;
		};
		27C1977E1A71647F0001722B /* Debug */ = {
			isa = XCBuildConfiguration;
			buildSettings = {
				BUNDLE_LOADER = "$(TEST_HOST)";
				FRAMEWORK_SEARCH_PATHS = (
					"$(SDKROOT)/Developer/Library/Frameworks",
					"$(inherited)",
				);
				GCC_PREPROCESSOR_DEFINITIONS = (
					"DEBUG=1",
					"$(inherited)",
				);
				INFOPLIST_FILE = SwiftGuesturesTests/Info.plist;
				LD_RUNPATH_SEARCH_PATHS = "$(inherited) @executable_path/Frameworks @loader_path/Frameworks";
				PRODUCT_NAME = "$(TARGET_NAME)";
				TEST_HOST = "$(BUILT_PRODUCTS_DIR)/SwiftGuestures.app/SwiftGuestures";
			};
			name = Debug;
		};
		27C1977F1A71647F0001722B /* Release */ = {
			isa = XCBuildConfiguration;
			buildSettings = {
				BUNDLE_LOADER = "$(TEST_HOST)";
				FRAMEWORK_SEARCH_PATHS = (
					"$(SDKROOT)/Developer/Library/Frameworks",
					"$(inherited)",
				);
				INFOPLIST_FILE = SwiftGuesturesTests/Info.plist;
				LD_RUNPATH_SEARCH_PATHS = "$(inherited) @executable_path/Frameworks @loader_path/Frameworks";
				PRODUCT_NAME = "$(TARGET_NAME)";
				TEST_HOST = "$(BUILT_PRODUCTS_DIR)/SwiftGuestures.app/SwiftGuestures";
			};
			name = Release;
		};
/* End XCBuildConfiguration section */

/* Begin XCConfigurationList section */
		27C197561A71647E0001722B /* Build configuration list for PBXProject "SwiftGuestures" */ = {
			isa = XCConfigurationList;
			buildConfigurations = (
				27C197781A71647F0001722B /* Debug */,
				27C197791A71647F0001722B /* Release */,
			);
			defaultConfigurationIsVisible = 0;
			defaultConfigurationName = Release;
		};
		27C1977A1A71647F0001722B /* Build configuration list for PBXNativeTarget "SwiftGuestures" */ = {
			isa = XCConfigurationList;
			buildConfigurations = (
				27C1977B1A71647F0001722B /* Debug */,
				27C1977C1A71647F0001722B /* Release */,
			);
			defaultConfigurationIsVisible = 0;
		};
		27C1977D1A71647F0001722B /* Build configuration list for PBXNativeTarget "SwiftGuesturesTests" */ = {
			isa = XCConfigurationList;
			buildConfigurations = (
				27C1977E1A71647F0001722B /* Debug */,
				27C1977F1A71647F0001722B /* Release */,
			);
			defaultConfigurationIsVisible = 0;
		};
/* End XCConfigurationList section */
	};
	rootObject = 27C197531A71647E0001722B /* Project object */;
}
